
Microsoft Visual Studio Solution File, Format Version 12.00
# Visual Studio Version 17
VisualStudioVersion = 17.2.32630.192
MinimumVisualStudioVersion = 10.0.40219.1
Project("{FAE04EC0-301F-11D3-BF4B-00C04F79EFBC}") = "ConsoleApp1", "ConsoleApp1.csproj", "{457F8213-E36D-455B-8498-EF3C452813B2}"
EndProject
Global
	GlobalSection(SolutionConfigurationPlatforms) = preSolution
		Debug|Any CPU = Debug|Any CPU
		Release|Any CPU = Release|Any CPU
	EndGlobalSection
	GlobalSection(ProjectConfigurationPlatforms) = postSolution
		{457F8213-E36D-455B-8498-EF3C452813B2}.Debug|Any CPU.ActiveCfg = Debug|Any CPU
		{457F8213-E36D-455B-8498-EF3C452813B2}.Debug|Any CPU.Build.0 = Debug|Any CPU
		{457F8213-E36D-455B-8498-EF3C452813B2}.Release|Any CPU.ActiveCfg = Release|Any CPU
		{457F8213-E36D-455B-8498-EF3C452813B2}.Release|Any CPU.Build.0 = Release|Any CPU
	EndGlobalSection
	GlobalSection(SolutionProperties) = preSolution
		HideSolutionNode = FALSE
	EndGlobalSection
	GlobalSection(ExtensibilityGlobals) = postSolution
		SolutionGuid = {58B2CD35-B39E-47ED-B753-2D7FFF4D4236}
	EndGlobalSection
EndGlobal
